
Microsoft Visual Studio Solution File, Format Version 12.00
# Visual Studio Version 16
VisualStudioVersion = 16.0.28803.202
MinimumVisualStudioVersion = 10.0.40219.1
Project("{FAE04EC0-301F-11D3-BF4B-00C04F79EFBC}") = "MT.Versioner", "MT.Versioner.csproj", "{C6858BCA-A6B6-4194-B8C4-3A452B03FB86}"
EndProject
Global
	GlobalSection(SolutionConfigurationPlatforms) = preSolution
		Debug|Any CPU = Debug|Any CPU
		DebugXAny|Any CPU = DebugXAny|Any CPU
		Release_Signed|Any CPU = Release_Signed|Any CPU
		Release|Any CPU = Release|Any CPU
		ReleaseXAny|Any CPU = ReleaseXAny|Any CPU
	EndGlobalSection
	GlobalSection(ProjectConfigurationPlatforms) = postSolution
		{C6858BCA-A6B6-4194-B8C4-3A452B03FB86}.Debug|Any CPU.ActiveCfg = Debug|Any CPU
		{C6858BCA-A6B6-4194-B8C4-3A452B03FB86}.Debug|Any CPU.Build.0 = Debug|Any CPU
		{C6858BCA-A6B6-4194-B8C4-3A452B03FB86}.DebugXAny|Any CPU.ActiveCfg = DebugXAny|Any CPU
		{C6858BCA-A6B6-4194-B8C4-3A452B03FB86}.DebugXAny|Any CPU.Build.0 = DebugXAny|Any CPU
		{C6858BCA-A6B6-4194-B8C4-3A452B03FB86}.Release_Signed|Any CPU.ActiveCfg = Release_Signed|Any CPU
		{C6858BCA-A6B6-4194-B8C4-3A452B03FB86}.Release_Signed|Any CPU.Build.0 = Release_Signed|Any CPU
		{C6858BCA-A6B6-4194-B8C4-3A452B03FB86}.Release|Any CPU.ActiveCfg = Release|Any CPU
		{C6858BCA-A6B6-4194-B8C4-3A452B03FB86}.Release|Any CPU.Build.0 = Release|Any CPU
		{C6858BCA-A6B6-4194-B8C4-3A452B03FB86}.ReleaseXAny|Any CPU.ActiveCfg = ReleaseXAny|Any CPU
		{C6858BCA-A6B6-4194-B8C4-3A452B03FB86}.ReleaseXAny|Any CPU.Build.0 = ReleaseXAny|Any CPU
	EndGlobalSection
	GlobalSection(SolutionProperties) = preSolution
		HideSolutionNode = FALSE
	EndGlobalSection
	GlobalSection(ExtensibilityGlobals) = postSolution
		SolutionGuid = {C45D471B-2DF6-4290-9514-EC73117752C4}
	EndGlobalSection
EndGlobal
